
Microsoft Visual Studio Solution File, Format Version 12.00
# Visual Studio Version 16
VisualStudioVersion = 16.0.29519.87
MinimumVisualStudioVersion = 10.0.40219.1
Project("{FAE04EC0-301F-11D3-BF4B-00C04F79EFBC}") = "ConsoleApp6", "ConsoleApp6\ConsoleApp6.csproj", "{02FAB036-E805-4B79-8F64-22E80AD7365B}"
EndProject
Global
	GlobalSection(SolutionConfigurationPlatforms) = preSolution
		Debug|Any CPU = Debug|Any CPU
		Release|Any CPU = Release|Any CPU
	EndGlobalSection
	GlobalSection(ProjectConfigurationPlatforms) = postSolution
		{02FAB036-E805-4B79-8F64-22E80AD7365B}.Debug|Any CPU.ActiveCfg = Debug|Any CPU
		{02FAB036-E805-4B79-8F64-22E80AD7365B}.Debug|Any CPU.Build.0 = Debug|Any CPU
		{02FAB036-E805-4B79-8F64-22E80AD7365B}.Release|Any CPU.ActiveCfg = Release|Any CPU
		{02FAB036-E805-4B79-8F64-22E80AD7365B}.Release|Any CPU.Build.0 = Release|Any CPU
	EndGlobalSection
	GlobalSection(SolutionProperties) = preSolution
		HideSolutionNode = FALSE
	EndGlobalSection
	GlobalSection(ExtensibilityGlobals) = postSolution
		SolutionGuid = {00D29EE1-FF91-4FB5-A8EB-C063678B066E}
	EndGlobalSection
EndGlobal
